// !$*UTF8*$!
{
	archiveVersion = 1;
	classes = {
	};
	objectVersion = 55;
	objects = {

/* Begin PBXBuildFile section */
		A623EBE3289AA69E00067E57 /* WysiwygUIKitTests.swift in Sources */ = {isa = PBXBuildFile; fileRef = A623EBE2289AA69E00067E57 /* WysiwygUIKitTests.swift */; };
		A623EBE5289AA6DE00067E57 /* WysiwygSharedTests.swift in Sources */ = {isa = PBXBuildFile; fileRef = A623EBE4289AA6DE00067E57 /* WysiwygSharedTests.swift */; };
		A64369212899175400ECCF8A /* AppDelegate.swift in Sources */ = {isa = PBXBuildFile; fileRef = A64369202899175400ECCF8A /* AppDelegate.swift */; };
		A64369232899175400ECCF8A /* SceneDelegate.swift in Sources */ = {isa = PBXBuildFile; fileRef = A64369222899175400ECCF8A /* SceneDelegate.swift */; };
		A64369252899175400ECCF8A /* ViewController.swift in Sources */ = {isa = PBXBuildFile; fileRef = A64369242899175400ECCF8A /* ViewController.swift */; };
		A64369282899175400ECCF8A /* Main.storyboard in Resources */ = {isa = PBXBuildFile; fileRef = A64369262899175400ECCF8A /* Main.storyboard */; };
		A643692A2899175500ECCF8A /* Assets.xcassets in Resources */ = {isa = PBXBuildFile; fileRef = A64369292899175500ECCF8A /* Assets.xcassets */; };
		A643692D2899175500ECCF8A /* LaunchScreen.storyboard in Resources */ = {isa = PBXBuildFile; fileRef = A643692B2899175500ECCF8A /* LaunchScreen.storyboard */; };
		A64369332899196F00ECCF8A /* WysiwygComposer in Frameworks */ = {isa = PBXBuildFile; productRef = A64369322899196F00ECCF8A /* WysiwygComposer */; };
		A6472CAB2886CF830021A0E8 /* WysiwygApp.swift in Sources */ = {isa = PBXBuildFile; fileRef = A6472CAA2886CF830021A0E8 /* WysiwygApp.swift */; };
		A6472CAD2886CF830021A0E8 /* ContentView.swift in Sources */ = {isa = PBXBuildFile; fileRef = A6472CAC2886CF830021A0E8 /* ContentView.swift */; };
		A6472CAF2886CF840021A0E8 /* Assets.xcassets in Resources */ = {isa = PBXBuildFile; fileRef = A6472CAE2886CF840021A0E8 /* Assets.xcassets */; };
		A6472CB22886CF840021A0E8 /* Preview Assets.xcassets in Resources */ = {isa = PBXBuildFile; fileRef = A6472CB12886CF840021A0E8 /* Preview Assets.xcassets */; };
		A6472CC62886CF840021A0E8 /* WysiwygUITests.swift in Sources */ = {isa = PBXBuildFile; fileRef = A6472CC52886CF840021A0E8 /* WysiwygUITests.swift */; };
		A6C2157528C0E95C00C8E727 /* View+Accessibility.swift in Sources */ = {isa = PBXBuildFile; fileRef = A6C2157428C0E95C00C8E727 /* View+Accessibility.swift */; };
		A6C2157628C0E95C00C8E727 /* View+Accessibility.swift in Sources */ = {isa = PBXBuildFile; fileRef = A6C2157428C0E95C00C8E727 /* View+Accessibility.swift */; };
		A6C2157728C0E95C00C8E727 /* View+Accessibility.swift in Sources */ = {isa = PBXBuildFile; fileRef = A6C2157428C0E95C00C8E727 /* View+Accessibility.swift */; };
		A6E6B26F2886D9AA009596F2 /* WysiwygComposer in Frameworks */ = {isa = PBXBuildFile; productRef = A6E6B26E2886D9AA009596F2 /* WysiwygComposer */; };
/* End PBXBuildFile section */

/* Begin PBXContainerItemProxy section */
		A623EBE0289AA59100067E57 /* PBXContainerItemProxy */ = {
			isa = PBXContainerItemProxy;
			containerPortal = A6472C9F2886CF830021A0E8 /* Project object */;
			proxyType = 1;
			remoteGlobalIDString = A643691D2899175400ECCF8A;
			remoteInfo = WysiwygUIKit;
		};
		A6472CC22886CF840021A0E8 /* PBXContainerItemProxy */ = {
			isa = PBXContainerItemProxy;
			containerPortal = A6472C9F2886CF830021A0E8 /* Project object */;
			proxyType = 1;
			remoteGlobalIDString = A6472CA62886CF830021A0E8;
			remoteInfo = Wysiwyg;
		};
/* End PBXContainerItemProxy section */

/* Begin PBXFileReference section */
		A623EBE2289AA69E00067E57 /* WysiwygUIKitTests.swift */ = {isa = PBXFileReference; lastKnownFileType = sourcecode.swift; path = WysiwygUIKitTests.swift; sourceTree = "<group>"; };
		A623EBE4289AA6DE00067E57 /* WysiwygSharedTests.swift */ = {isa = PBXFileReference; lastKnownFileType = sourcecode.swift; path = WysiwygSharedTests.swift; sourceTree = "<group>"; };
		A643691E2899175400ECCF8A /* WysiwygUIKit.app */ = {isa = PBXFileReference; explicitFileType = wrapper.application; includeInIndex = 0; path = WysiwygUIKit.app; sourceTree = BUILT_PRODUCTS_DIR; };
		A64369202899175400ECCF8A /* AppDelegate.swift */ = {isa = PBXFileReference; lastKnownFileType = sourcecode.swift; path = AppDelegate.swift; sourceTree = "<group>"; };
		A64369222899175400ECCF8A /* SceneDelegate.swift */ = {isa = PBXFileReference; lastKnownFileType = sourcecode.swift; path = SceneDelegate.swift; sourceTree = "<group>"; };
		A64369242899175400ECCF8A /* ViewController.swift */ = {isa = PBXFileReference; lastKnownFileType = sourcecode.swift; path = ViewController.swift; sourceTree = "<group>"; };
		A64369272899175400ECCF8A /* Base */ = {isa = PBXFileReference; lastKnownFileType = file.storyboard; name = Base; path = Base.lproj/Main.storyboard; sourceTree = "<group>"; };
		A64369292899175500ECCF8A /* Assets.xcassets */ = {isa = PBXFileReference; lastKnownFileType = folder.assetcatalog; path = Assets.xcassets; sourceTree = "<group>"; };
		A643692C2899175500ECCF8A /* Base */ = {isa = PBXFileReference; lastKnownFileType = file.storyboard; name = Base; path = Base.lproj/LaunchScreen.storyboard; sourceTree = "<group>"; };
		A643692E2899175500ECCF8A /* Info.plist */ = {isa = PBXFileReference; lastKnownFileType = text.plist.xml; path = Info.plist; sourceTree = "<group>"; };
		A6472CA72886CF830021A0E8 /* Wysiwyg.app */ = {isa = PBXFileReference; explicitFileType = wrapper.application; includeInIndex = 0; path = Wysiwyg.app; sourceTree = BUILT_PRODUCTS_DIR; };
		A6472CAA2886CF830021A0E8 /* WysiwygApp.swift */ = {isa = PBXFileReference; lastKnownFileType = sourcecode.swift; path = WysiwygApp.swift; sourceTree = "<group>"; };
		A6472CAC2886CF830021A0E8 /* ContentView.swift */ = {isa = PBXFileReference; lastKnownFileType = sourcecode.swift; path = ContentView.swift; sourceTree = "<group>"; };
		A6472CAE2886CF840021A0E8 /* Assets.xcassets */ = {isa = PBXFileReference; lastKnownFileType = folder.assetcatalog; path = Assets.xcassets; sourceTree = "<group>"; };
		A6472CB12886CF840021A0E8 /* Preview Assets.xcassets */ = {isa = PBXFileReference; lastKnownFileType = folder.assetcatalog; path = "Preview Assets.xcassets"; sourceTree = "<group>"; };
		A6472CC12886CF840021A0E8 /* WysiwygUITests.xctest */ = {isa = PBXFileReference; explicitFileType = wrapper.cfbundle; includeInIndex = 0; path = WysiwygUITests.xctest; sourceTree = BUILT_PRODUCTS_DIR; };
		A6472CC52886CF840021A0E8 /* WysiwygUITests.swift */ = {isa = PBXFileReference; lastKnownFileType = sourcecode.swift; path = WysiwygUITests.swift; sourceTree = "<group>"; };
		A6C2157428C0E95C00C8E727 /* View+Accessibility.swift */ = {isa = PBXFileReference; lastKnownFileType = sourcecode.swift; path = "View+Accessibility.swift"; sourceTree = "<group>"; };
		A6E6B2712886DA6E009596F2 /* WysiwygComposer */ = {isa = PBXFileReference; lastKnownFileType = wrapper; name = WysiwygComposer; path = ../lib/WysiwygComposer; sourceTree = "<group>"; };
/* End PBXFileReference section */

/* Begin PBXFrameworksBuildPhase section */
		A643691B2899175400ECCF8A /* Frameworks */ = {
			isa = PBXFrameworksBuildPhase;
			buildActionMask = 2147483647;
			files = (
				A64369332899196F00ECCF8A /* WysiwygComposer in Frameworks */,
			);
			runOnlyForDeploymentPostprocessing = 0;
		};
		A6472CA42886CF830021A0E8 /* Frameworks */ = {
			isa = PBXFrameworksBuildPhase;
			buildActionMask = 2147483647;
			files = (
				A6E6B26F2886D9AA009596F2 /* WysiwygComposer in Frameworks */,
			);
			runOnlyForDeploymentPostprocessing = 0;
		};
		A6472CBE2886CF840021A0E8 /* Frameworks */ = {
			isa = PBXFrameworksBuildPhase;
			buildActionMask = 2147483647;
			files = (
			);
			runOnlyForDeploymentPostprocessing = 0;
		};
/* End PBXFrameworksBuildPhase section */

/* Begin PBXGroup section */
		A643691F2899175400ECCF8A /* WysiwygUIKit */ = {
			isa = PBXGroup;
			children = (
				A643692E2899175500ECCF8A /* Info.plist */,
				A64369202899175400ECCF8A /* AppDelegate.swift */,
				A64369222899175400ECCF8A /* SceneDelegate.swift */,
				A64369242899175400ECCF8A /* ViewController.swift */,
				A64369292899175500ECCF8A /* Assets.xcassets */,
				A643692B2899175500ECCF8A /* LaunchScreen.storyboard */,
				A64369262899175400ECCF8A /* Main.storyboard */,
			);
			path = WysiwygUIKit;
			sourceTree = "<group>";
		};
		A6472C9E2886CF830021A0E8 = {
			isa = PBXGroup;
			children = (
				A6C2156F28C0E92A00C8E727 /* Shared */,
				A6E6B2702886DA6E009596F2 /* Packages */,
				A6472CA92886CF830021A0E8 /* Wysiwyg */,
				A643691F2899175400ECCF8A /* WysiwygUIKit */,
				A6472CC42886CF840021A0E8 /* WysiwygUITests */,
				A6472CA82886CF830021A0E8 /* Products */,
				A6E6B26D2886D9AA009596F2 /* Frameworks */,
			);
			sourceTree = "<group>";
		};
		A6472CA82886CF830021A0E8 /* Products */ = {
			isa = PBXGroup;
			children = (
				A6472CA72886CF830021A0E8 /* Wysiwyg.app */,
				A6472CC12886CF840021A0E8 /* WysiwygUITests.xctest */,
				A643691E2899175400ECCF8A /* WysiwygUIKit.app */,
			);
			name = Products;
			sourceTree = "<group>";
		};
		A6472CA92886CF830021A0E8 /* Wysiwyg */ = {
			isa = PBXGroup;
			children = (
				A6472CAA2886CF830021A0E8 /* WysiwygApp.swift */,
				A6472CAC2886CF830021A0E8 /* ContentView.swift */,
				A6472CAE2886CF840021A0E8 /* Assets.xcassets */,
				A6472CB02886CF840021A0E8 /* Preview Content */,
			);
			path = Wysiwyg;
			sourceTree = "<group>";
		};
		A6472CB02886CF840021A0E8 /* Preview Content */ = {
			isa = PBXGroup;
			children = (
				A6472CB12886CF840021A0E8 /* Preview Assets.xcassets */,
			);
			path = "Preview Content";
			sourceTree = "<group>";
		};
		A6472CC42886CF840021A0E8 /* WysiwygUITests */ = {
			isa = PBXGroup;
			children = (
				A623EBE4289AA6DE00067E57 /* WysiwygSharedTests.swift */,
				A623EBE2289AA69E00067E57 /* WysiwygUIKitTests.swift */,
				A6472CC52886CF840021A0E8 /* WysiwygUITests.swift */,
			);
			path = WysiwygUITests;
			sourceTree = "<group>";
		};
		A6C2156F28C0E92A00C8E727 /* Shared */ = {
			isa = PBXGroup;
			children = (
				A6C2157428C0E95C00C8E727 /* View+Accessibility.swift */,
			);
			path = Shared;
			sourceTree = "<group>";
		};
		A6E6B26D2886D9AA009596F2 /* Frameworks */ = {
			isa = PBXGroup;
			children = (
			);
			name = Frameworks;
			sourceTree = "<group>";
		};
		A6E6B2702886DA6E009596F2 /* Packages */ = {
			isa = PBXGroup;
			children = (
				A6E6B2712886DA6E009596F2 /* WysiwygComposer */,
			);
			name = Packages;
			sourceTree = "<group>";
		};
/* End PBXGroup section */

/* Begin PBXNativeTarget section */
		A643691D2899175400ECCF8A /* WysiwygUIKit */ = {
			isa = PBXNativeTarget;
			buildConfigurationList = A64369312899175500ECCF8A /* Build configuration list for PBXNativeTarget "WysiwygUIKit" */;
			buildPhases = (
				A643691A2899175400ECCF8A /* Sources */,
				A643691B2899175400ECCF8A /* Frameworks */,
				A643691C2899175400ECCF8A /* Resources */,
			);
			buildRules = (
			);
			dependencies = (
			);
			name = WysiwygUIKit;
			packageProductDependencies = (
				A64369322899196F00ECCF8A /* WysiwygComposer */,
			);
			productName = WysiwygUIKit;
			productReference = A643691E2899175400ECCF8A /* WysiwygUIKit.app */;
			productType = "com.apple.product-type.application";
		};
		A6472CA62886CF830021A0E8 /* Wysiwyg */ = {
			isa = PBXNativeTarget;
			buildConfigurationList = A6472CCB2886CF840021A0E8 /* Build configuration list for PBXNativeTarget "Wysiwyg" */;
			buildPhases = (
				A6472CA32886CF830021A0E8 /* Sources */,
				A6472CA42886CF830021A0E8 /* Frameworks */,
				A6472CA52886CF830021A0E8 /* Resources */,
			);
			buildRules = (
			);
			dependencies = (
			);
			name = Wysiwyg;
			packageProductDependencies = (
				A6E6B26E2886D9AA009596F2 /* WysiwygComposer */,
			);
			productName = Wysiwyg;
			productReference = A6472CA72886CF830021A0E8 /* Wysiwyg.app */;
			productType = "com.apple.product-type.application";
		};
		A6472CC02886CF840021A0E8 /* WysiwygUITests */ = {
			isa = PBXNativeTarget;
			buildConfigurationList = A6472CD12886CF840021A0E8 /* Build configuration list for PBXNativeTarget "WysiwygUITests" */;
			buildPhases = (
				A6472CBD2886CF840021A0E8 /* Sources */,
				A6472CBE2886CF840021A0E8 /* Frameworks */,
				A6472CBF2886CF840021A0E8 /* Resources */,
			);
			buildRules = (
			);
			dependencies = (
				A623EBE1289AA59100067E57 /* PBXTargetDependency */,
				A6472CC32886CF840021A0E8 /* PBXTargetDependency */,
			);
			name = WysiwygUITests;
			packageProductDependencies = (
			);
			productName = WysiwygUITests;
			productReference = A6472CC12886CF840021A0E8 /* WysiwygUITests.xctest */;
			productType = "com.apple.product-type.bundle.ui-testing";
		};
/* End PBXNativeTarget section */

/* Begin PBXProject section */
		A6472C9F2886CF830021A0E8 /* Project object */ = {
			isa = PBXProject;
			attributes = {
				BuildIndependentTargetsInParallel = 1;
				LastSwiftUpdateCheck = 1340;
				LastUpgradeCheck = 1340;
				TargetAttributes = {
					A643691D2899175400ECCF8A = {
						CreatedOnToolsVersion = 13.4.1;
					};
					A6472CA62886CF830021A0E8 = {
						CreatedOnToolsVersion = 13.4.1;
					};
					A6472CC02886CF840021A0E8 = {
						CreatedOnToolsVersion = 13.4.1;
						TestTargetID = A6472CA62886CF830021A0E8;
					};
				};
			};
			buildConfigurationList = A6472CA22886CF830021A0E8 /* Build configuration list for PBXProject "Wysiwyg" */;
			compatibilityVersion = "Xcode 13.0";
			developmentRegion = en;
			hasScannedForEncodings = 0;
			knownRegions = (
				en,
				Base,
			);
			mainGroup = A6472C9E2886CF830021A0E8;
			productRefGroup = A6472CA82886CF830021A0E8 /* Products */;
			projectDirPath = "";
			projectRoot = "";
			targets = (
				A6472CA62886CF830021A0E8 /* Wysiwyg */,
				A643691D2899175400ECCF8A /* WysiwygUIKit */,
				A6472CC02886CF840021A0E8 /* WysiwygUITests */,
			);
		};
/* End PBXProject section */

/* Begin PBXResourcesBuildPhase section */
		A643691C2899175400ECCF8A /* Resources */ = {
			isa = PBXResourcesBuildPhase;
			buildActionMask = 2147483647;
			files = (
				A643692D2899175500ECCF8A /* LaunchScreen.storyboard in Resources */,
				A643692A2899175500ECCF8A /* Assets.xcassets in Resources */,
				A64369282899175400ECCF8A /* Main.storyboard in Resources */,
			);
			runOnlyForDeploymentPostprocessing = 0;
		};
		A6472CA52886CF830021A0E8 /* Resources */ = {
			isa = PBXResourcesBuildPhase;
			buildActionMask = 2147483647;
			files = (
				A6472CB22886CF840021A0E8 /* Preview Assets.xcassets in Resources */,
				A6472CAF2886CF840021A0E8 /* Assets.xcassets in Resources */,
			);
			runOnlyForDeploymentPostprocessing = 0;
		};
		A6472CBF2886CF840021A0E8 /* Resources */ = {
			isa = PBXResourcesBuildPhase;
			buildActionMask = 2147483647;
			files = (
			);
			runOnlyForDeploymentPostprocessing = 0;
		};
/* End PBXResourcesBuildPhase section */

/* Begin PBXSourcesBuildPhase section */
		A643691A2899175400ECCF8A /* Sources */ = {
			isa = PBXSourcesBuildPhase;
			buildActionMask = 2147483647;
			files = (
				A64369252899175400ECCF8A /* ViewController.swift in Sources */,
				A6C2157628C0E95C00C8E727 /* View+Accessibility.swift in Sources */,
				A64369212899175400ECCF8A /* AppDelegate.swift in Sources */,
				A64369232899175400ECCF8A /* SceneDelegate.swift in Sources */,
			);
			runOnlyForDeploymentPostprocessing = 0;
		};
		A6472CA32886CF830021A0E8 /* Sources */ = {
			isa = PBXSourcesBuildPhase;
			buildActionMask = 2147483647;
			files = (
				A6C2157528C0E95C00C8E727 /* View+Accessibility.swift in Sources */,
				A6472CAD2886CF830021A0E8 /* ContentView.swift in Sources */,
				A6472CAB2886CF830021A0E8 /* WysiwygApp.swift in Sources */,
			);
			runOnlyForDeploymentPostprocessing = 0;
		};
		A6472CBD2886CF840021A0E8 /* Sources */ = {
			isa = PBXSourcesBuildPhase;
			buildActionMask = 2147483647;
			files = (
				A6472CC62886CF840021A0E8 /* WysiwygUITests.swift in Sources */,
				A6C2157728C0E95C00C8E727 /* View+Accessibility.swift in Sources */,
				A623EBE5289AA6DE00067E57 /* WysiwygSharedTests.swift in Sources */,
				A623EBE3289AA69E00067E57 /* WysiwygUIKitTests.swift in Sources */,
			);
			runOnlyForDeploymentPostprocessing = 0;
		};
/* End PBXSourcesBuildPhase section */

/* Begin PBXTargetDependency section */
		A623EBE1289AA59100067E57 /* PBXTargetDependency */ = {
			isa = PBXTargetDependency;
			target = A643691D2899175400ECCF8A /* WysiwygUIKit */;
			targetProxy = A623EBE0289AA59100067E57 /* PBXContainerItemProxy */;
		};
		A6472CC32886CF840021A0E8 /* PBXTargetDependency */ = {
			isa = PBXTargetDependency;
			target = A6472CA62886CF830021A0E8 /* Wysiwyg */;
			targetProxy = A6472CC22886CF840021A0E8 /* PBXContainerItemProxy */;
		};
/* End PBXTargetDependency section */

/* Begin PBXVariantGroup section */
		A64369262899175400ECCF8A /* Main.storyboard */ = {
			isa = PBXVariantGroup;
			children = (
				A64369272899175400ECCF8A /* Base */,
			);
			name = Main.storyboard;
			sourceTree = "<group>";
		};
		A643692B2899175500ECCF8A /* LaunchScreen.storyboard */ = {
			isa = PBXVariantGroup;
			children = (
				A643692C2899175500ECCF8A /* Base */,
			);
			name = LaunchScreen.storyboard;
			sourceTree = "<group>";
		};
/* End PBXVariantGroup section */

/* Begin XCBuildConfiguration section */
		A643692F2899175500ECCF8A /* Debug */ = {
			isa = XCBuildConfiguration;
			buildSettings = {
				ASSETCATALOG_COMPILER_APPICON_NAME = AppIcon;
				ASSETCATALOG_COMPILER_GLOBAL_ACCENT_COLOR_NAME = AccentColor;
				CODE_SIGN_STYLE = Automatic;
				CURRENT_PROJECT_VERSION = 1;
				DEVELOPMENT_TEAM = 7J4U792NQT;
				GENERATE_INFOPLIST_FILE = YES;
				INFOPLIST_FILE = WysiwygUIKit/Info.plist;
				INFOPLIST_KEY_CFBundleDisplayName = WysiwygUIKit;
				INFOPLIST_KEY_UIApplicationSupportsIndirectInputEvents = YES;
				INFOPLIST_KEY_UILaunchStoryboardName = LaunchScreen;
				INFOPLIST_KEY_UIMainStoryboardFile = Main;
				INFOPLIST_KEY_UISupportedInterfaceOrientations_iPad = "UIInterfaceOrientationPortrait UIInterfaceOrientationPortraitUpsideDown UIInterfaceOrientationLandscapeLeft UIInterfaceOrientationLandscapeRight";
				INFOPLIST_KEY_UISupportedInterfaceOrientations_iPhone = "UIInterfaceOrientationPortrait UIInterfaceOrientationLandscapeLeft UIInterfaceOrientationLandscapeRight";
				IPHONEOS_DEPLOYMENT_TARGET = 14.0;
				LD_RUNPATH_SEARCH_PATHS = (
					"$(inherited)",
					"@executable_path/Frameworks",
				);
				MARKETING_VERSION = 1.0;
				PRODUCT_BUNDLE_IDENTIFIER = org.matrix.WysiwygUIKit;
				PRODUCT_NAME = "$(TARGET_NAME)";
				SWIFT_EMIT_LOC_STRINGS = YES;
				SWIFT_VERSION = 5.0;
				TARGETED_DEVICE_FAMILY = "1,2";
			};
			name = Debug;
		};
		A64369302899175500ECCF8A /* Release */ = {
			isa = XCBuildConfiguration;
			buildSettings = {
				ASSETCATALOG_COMPILER_APPICON_NAME = AppIcon;
				ASSETCATALOG_COMPILER_GLOBAL_ACCENT_COLOR_NAME = AccentColor;
				CODE_SIGN_STYLE = Automatic;
				CURRENT_PROJECT_VERSION = 1;
				DEVELOPMENT_TEAM = 7J4U792NQT;
				GENERATE_INFOPLIST_FILE = YES;
				INFOPLIST_FILE = WysiwygUIKit/Info.plist;
				INFOPLIST_KEY_CFBundleDisplayName = WysiwygUIKit;
				INFOPLIST_KEY_UIApplicationSupportsIndirectInputEvents = YES;
				INFOPLIST_KEY_UILaunchStoryboardName = LaunchScreen;
				INFOPLIST_KEY_UIMainStoryboardFile = Main;
				INFOPLIST_KEY_UISupportedInterfaceOrientations_iPad = "UIInterfaceOrientationPortrait UIInterfaceOrientationPortraitUpsideDown UIInterfaceOrientationLandscapeLeft UIInterfaceOrientationLandscapeRight";
				INFOPLIST_KEY_UISupportedInterfaceOrientations_iPhone = "UIInterfaceOrientationPortrait UIInterfaceOrientationLandscapeLeft UIInterfaceOrientationLandscapeRight";
				IPHONEOS_DEPLOYMENT_TARGET = 14.0;
				LD_RUNPATH_SEARCH_PATHS = (
					"$(inherited)",
					"@executable_path/Frameworks",
				);
				MARKETING_VERSION = 1.0;
				PRODUCT_BUNDLE_IDENTIFIER = org.matrix.WysiwygUIKit;
				PRODUCT_NAME = "$(TARGET_NAME)";
				SWIFT_EMIT_LOC_STRINGS = YES;
				SWIFT_VERSION = 5.0;
				TARGETED_DEVICE_FAMILY = "1,2";
			};
			name = Release;
		};
		A6472CC92886CF840021A0E8 /* Debug */ = {
			isa = XCBuildConfiguration;
			buildSettings = {
				ALWAYS_SEARCH_USER_PATHS = NO;
				CLANG_ANALYZER_NONNULL = YES;
				CLANG_ANALYZER_NUMBER_OBJECT_CONVERSION = YES_AGGRESSIVE;
				CLANG_CXX_LANGUAGE_STANDARD = "gnu++17";
				CLANG_ENABLE_MODULES = YES;
				CLANG_ENABLE_OBJC_ARC = YES;
				CLANG_ENABLE_OBJC_WEAK = YES;
				CLANG_WARN_BLOCK_CAPTURE_AUTORELEASING = YES;
				CLANG_WARN_BOOL_CONVERSION = YES;
				CLANG_WARN_COMMA = YES;
				CLANG_WARN_CONSTANT_CONVERSION = YES;
				CLANG_WARN_DEPRECATED_OBJC_IMPLEMENTATIONS = YES;
				CLANG_WARN_DIRECT_OBJC_ISA_USAGE = YES_ERROR;
				CLANG_WARN_DOCUMENTATION_COMMENTS = YES;
				CLANG_WARN_EMPTY_BODY = YES;
				CLANG_WARN_ENUM_CONVERSION = YES;
				CLANG_WARN_INFINITE_RECURSION = YES;
				CLANG_WARN_INT_CONVERSION = YES;
				CLANG_WARN_NON_LITERAL_NULL_CONVERSION = YES;
				CLANG_WARN_OBJC_IMPLICIT_RETAIN_SELF = YES;
				CLANG_WARN_OBJC_LITERAL_CONVERSION = YES;
				CLANG_WARN_OBJC_ROOT_CLASS = YES_ERROR;
				CLANG_WARN_QUOTED_INCLUDE_IN_FRAMEWORK_HEADER = YES;
				CLANG_WARN_RANGE_LOOP_ANALYSIS = YES;
				CLANG_WARN_STRICT_PROTOTYPES = YES;
				CLANG_WARN_SUSPICIOUS_MOVE = YES;
				CLANG_WARN_UNGUARDED_AVAILABILITY = YES_AGGRESSIVE;
				CLANG_WARN_UNREACHABLE_CODE = YES;
				CLANG_WARN__DUPLICATE_METHOD_MATCH = YES;
				COPY_PHASE_STRIP = NO;
				DEBUG_INFORMATION_FORMAT = dwarf;
				ENABLE_STRICT_OBJC_MSGSEND = YES;
				ENABLE_TESTABILITY = YES;
				GCC_C_LANGUAGE_STANDARD = gnu11;
				GCC_DYNAMIC_NO_PIC = NO;
				GCC_NO_COMMON_BLOCKS = YES;
				GCC_OPTIMIZATION_LEVEL = 0;
				GCC_PREPROCESSOR_DEFINITIONS = (
					"DEBUG=1",
					"$(inherited)",
				);
				GCC_WARN_64_TO_32_BIT_CONVERSION = YES;
				GCC_WARN_ABOUT_RETURN_TYPE = YES_ERROR;
				GCC_WARN_UNDECLARED_SELECTOR = YES;
				GCC_WARN_UNINITIALIZED_AUTOS = YES_AGGRESSIVE;
				GCC_WARN_UNUSED_FUNCTION = YES;
				GCC_WARN_UNUSED_VARIABLE = YES;
				IPHONEOS_DEPLOYMENT_TARGET = 14.0;
				MTL_ENABLE_DEBUG_INFO = INCLUDE_SOURCE;
				MTL_FAST_MATH = YES;
				ONLY_ACTIVE_ARCH = YES;
				SDKROOT = iphoneos;
				SWIFT_ACTIVE_COMPILATION_CONDITIONS = DEBUG;
				SWIFT_OPTIMIZATION_LEVEL = "-Onone";
			};
			name = Debug;
		};
		A6472CCA2886CF840021A0E8 /* Release */ = {
			isa = XCBuildConfiguration;
			buildSettings = {
				ALWAYS_SEARCH_USER_PATHS = NO;
				CLANG_ANALYZER_NONNULL = YES;
				CLANG_ANALYZER_NUMBER_OBJECT_CONVERSION = YES_AGGRESSIVE;
				CLANG_CXX_LANGUAGE_STANDARD = "gnu++17";
				CLANG_ENABLE_MODULES = YES;
				CLANG_ENABLE_OBJC_ARC = YES;
				CLANG_ENABLE_OBJC_WEAK = YES;
				CLANG_WARN_BLOCK_CAPTURE_AUTORELEASING = YES;
				CLANG_WARN_BOOL_CONVERSION = YES;
				CLANG_WARN_COMMA = YES;
				CLANG_WARN_CONSTANT_CONVERSION = YES;
				CLANG_WARN_DEPRECATED_OBJC_IMPLEMENTATIONS = YES;
				CLANG_WARN_DIRECT_OBJC_ISA_USAGE = YES_ERROR;
				CLANG_WARN_DOCUMENTATION_COMMENTS = YES;
				CLANG_WARN_EMPTY_BODY = YES;
				CLANG_WARN_ENUM_CONVERSION = YES;
				CLANG_WARN_INFINITE_RECURSION = YES;
				CLANG_WARN_INT_CONVERSION = YES;
				CLANG_WARN_NON_LITERAL_NULL_CONVERSION = YES;
				CLANG_WARN_OBJC_IMPLICIT_RETAIN_SELF = YES;
				CLANG_WARN_OBJC_LITERAL_CONVERSION = YES;
				CLANG_WARN_OBJC_ROOT_CLASS = YES_ERROR;
				CLANG_WARN_QUOTED_INCLUDE_IN_FRAMEWORK_HEADER = YES;
				CLANG_WARN_RANGE_LOOP_ANALYSIS = YES;
				CLANG_WARN_STRICT_PROTOTYPES = YES;
				CLANG_WARN_SUSPICIOUS_MOVE = YES;
				CLANG_WARN_UNGUARDED_AVAILABILITY = YES_AGGRESSIVE;
				CLANG_WARN_UNREACHABLE_CODE = YES;
				CLANG_WARN__DUPLICATE_METHOD_MATCH = YES;
				COPY_PHASE_STRIP = NO;
				DEBUG_INFORMATION_FORMAT = "dwarf-with-dsym";
				ENABLE_NS_ASSERTIONS = NO;
				ENABLE_STRICT_OBJC_MSGSEND = YES;
				GCC_C_LANGUAGE_STANDARD = gnu11;
				GCC_NO_COMMON_BLOCKS = YES;
				GCC_WARN_64_TO_32_BIT_CONVERSION = YES;
				GCC_WARN_ABOUT_RETURN_TYPE = YES_ERROR;
				GCC_WARN_UNDECLARED_SELECTOR = YES;
				GCC_WARN_UNINITIALIZED_AUTOS = YES_AGGRESSIVE;
				GCC_WARN_UNUSED_FUNCTION = YES;
				GCC_WARN_UNUSED_VARIABLE = YES;
				IPHONEOS_DEPLOYMENT_TARGET = 14.0;
				MTL_ENABLE_DEBUG_INFO = NO;
				MTL_FAST_MATH = YES;
				SDKROOT = iphoneos;
				SWIFT_COMPILATION_MODE = wholemodule;
				SWIFT_OPTIMIZATION_LEVEL = "-O";
				VALIDATE_PRODUCT = YES;
			};
			name = Release;
		};
		A6472CCC2886CF840021A0E8 /* Debug */ = {
			isa = XCBuildConfiguration;
			buildSettings = {
				ASSETCATALOG_COMPILER_APPICON_NAME = AppIcon;
				ASSETCATALOG_COMPILER_GLOBAL_ACCENT_COLOR_NAME = AccentColor;
				CODE_SIGN_STYLE = Automatic;
				CURRENT_PROJECT_VERSION = 1;
				DEVELOPMENT_ASSET_PATHS = "\"Wysiwyg/Preview Content\"";
				DEVELOPMENT_TEAM = "";
				ENABLE_PREVIEWS = YES;
				GENERATE_INFOPLIST_FILE = YES;
				INFOPLIST_KEY_UIApplicationSceneManifest_Generation = YES;
				INFOPLIST_KEY_UIApplicationSupportsIndirectInputEvents = YES;
				INFOPLIST_KEY_UILaunchScreen_Generation = YES;
				INFOPLIST_KEY_UISupportedInterfaceOrientations_iPad = "UIInterfaceOrientationPortrait UIInterfaceOrientationPortraitUpsideDown UIInterfaceOrientationLandscapeLeft UIInterfaceOrientationLandscapeRight";
				INFOPLIST_KEY_UISupportedInterfaceOrientations_iPhone = "UIInterfaceOrientationPortrait UIInterfaceOrientationLandscapeLeft UIInterfaceOrientationLandscapeRight";
				LD_RUNPATH_SEARCH_PATHS = (
					"$(inherited)",
					"@executable_path/Frameworks",
				);
				MARKETING_VERSION = 1.0;
				PRODUCT_BUNDLE_IDENTIFIER = org.matrix.Wysiwyg;
				PRODUCT_NAME = "$(TARGET_NAME)";
				SWIFT_EMIT_LOC_STRINGS = YES;
				SWIFT_VERSION = 5.0;
				TARGETED_DEVICE_FAMILY = "1,2";
			};
			name = Debug;
		};
		A6472CCD2886CF840021A0E8 /* Release */ = {
			isa = XCBuildConfiguration;
			buildSettings = {
				ASSETCATALOG_COMPILER_APPICON_NAME = AppIcon;
				ASSETCATALOG_COMPILER_GLOBAL_ACCENT_COLOR_NAME = AccentColor;
				CODE_SIGN_STYLE = Automatic;
				CURRENT_PROJECT_VERSION = 1;
				DEVELOPMENT_ASSET_PATHS = "\"Wysiwyg/Preview Content\"";
				DEVELOPMENT_TEAM = "";
				ENABLE_PREVIEWS = YES;
				GENERATE_INFOPLIST_FILE = YES;
				INFOPLIST_KEY_UIApplicationSceneManifest_Generation = YES;
				INFOPLIST_KEY_UIApplicationSupportsIndirectInputEvents = YES;
				INFOPLIST_KEY_UILaunchScreen_Generation = YES;
				INFOPLIST_KEY_UISupportedInterfaceOrientations_iPad = "UIInterfaceOrientationPortrait UIInterfaceOrientationPortraitUpsideDown UIInterfaceOrientationLandscapeLeft UIInterfaceOrientationLandscapeRight";
				INFOPLIST_KEY_UISupportedInterfaceOrientations_iPhone = "UIInterfaceOrientationPortrait UIInterfaceOrientationLandscapeLeft UIInterfaceOrientationLandscapeRight";
				LD_RUNPATH_SEARCH_PATHS = (
					"$(inherited)",
					"@executable_path/Frameworks",
				);
				MARKETING_VERSION = 1.0;
				PRODUCT_BUNDLE_IDENTIFIER = org.matrix.Wysiwyg;
				PRODUCT_NAME = "$(TARGET_NAME)";
				SWIFT_EMIT_LOC_STRINGS = YES;
				SWIFT_VERSION = 5.0;
				TARGETED_DEVICE_FAMILY = "1,2";
			};
			name = Release;
		};
		A6472CD22886CF840021A0E8 /* Debug */ = {
			isa = XCBuildConfiguration;
			buildSettings = {
				ALWAYS_EMBED_SWIFT_STANDARD_LIBRARIES = YES;
				CODE_SIGN_STYLE = Automatic;
				CURRENT_PROJECT_VERSION = 1;
				DEVELOPMENT_TEAM = 7J4U792NQT;
				GENERATE_INFOPLIST_FILE = YES;
				MARKETING_VERSION = 1.0;
				PRODUCT_BUNDLE_IDENTIFIER = im.vector.WysiwygUITests;
				PRODUCT_NAME = "$(TARGET_NAME)";
				SWIFT_EMIT_LOC_STRINGS = NO;
				SWIFT_VERSION = 5.0;
				TARGETED_DEVICE_FAMILY = "1,2";
				TEST_TARGET_NAME = Wysiwyg;
			};
			name = Debug;
		};
		A6472CD32886CF840021A0E8 /* Release */ = {
			isa = XCBuildConfiguration;
			buildSettings = {
				ALWAYS_EMBED_SWIFT_STANDARD_LIBRARIES = YES;
				CODE_SIGN_STYLE = Automatic;
				CURRENT_PROJECT_VERSION = 1;
				DEVELOPMENT_TEAM = 7J4U792NQT;
				GENERATE_INFOPLIST_FILE = YES;
				MARKETING_VERSION = 1.0;
				PRODUCT_BUNDLE_IDENTIFIER = im.vector.WysiwygUITests;
				PRODUCT_NAME = "$(TARGET_NAME)";
				SWIFT_EMIT_LOC_STRINGS = NO;
				SWIFT_VERSION = 5.0;
				TARGETED_DEVICE_FAMILY = "1,2";
				TEST_TARGET_NAME = Wysiwyg;
			};
			name = Release;
		};
/* End XCBuildConfiguration section */

/* Begin XCConfigurationList section */
		A64369312899175500ECCF8A /* Build configuration list for PBXNativeTarget "WysiwygUIKit" */ = {
			isa = XCConfigurationList;
			buildConfigurations = (
				A643692F2899175500ECCF8A /* Debug */,
				A64369302899175500ECCF8A /* Release */,
			);
			defaultConfigurationIsVisible = 0;
			defaultConfigurationName = Release;
		};
		A6472CA22886CF830021A0E8 /* Build configuration list for PBXProject "Wysiwyg" */ = {
			isa = XCConfigurationList;
			buildConfigurations = (
				A6472CC92886CF840021A0E8 /* Debug */,
				A6472CCA2886CF840021A0E8 /* Release */,
			);
			defaultConfigurationIsVisible = 0;
			defaultConfigurationName = Release;
		};
		A6472CCB2886CF840021A0E8 /* Build configuration list for PBXNativeTarget "Wysiwyg" */ = {
			isa = XCConfigurationList;
			buildConfigurations = (
				A6472CCC2886CF840021A0E8 /* Debug */,
				A6472CCD2886CF840021A0E8 /* Release */,
			);
			defaultConfigurationIsVisible = 0;
			defaultConfigurationName = Release;
		};
		A6472CD12886CF840021A0E8 /* Build configuration list for PBXNativeTarget "WysiwygUITests" */ = {
			isa = XCConfigurationList;
			buildConfigurations = (
				A6472CD22886CF840021A0E8 /* Debug */,
				A6472CD32886CF840021A0E8 /* Release */,
			);
			defaultConfigurationIsVisible = 0;
			defaultConfigurationName = Release;
		};
/* End XCConfigurationList section */

/* Begin XCSwiftPackageProductDependency section */
		A64369322899196F00ECCF8A /* WysiwygComposer */ = {
			isa = XCSwiftPackageProductDependency;
			productName = WysiwygComposer;
		};
		A6E6B26E2886D9AA009596F2 /* WysiwygComposer */ = {
			isa = XCSwiftPackageProductDependency;
			productName = WysiwygComposer;
		};
/* End XCSwiftPackageProductDependency section */
	};
	rootObject = A6472C9F2886CF830021A0E8 /* Project object */;
}
